{
  "name": "undici-request-headers",
  "version": "1.0.0",
  "lockfileVersion": 3,
  "requires": true,
  "packages": {
    "": {
      "name": "undici-request-headers",
      "version": "1.0.0",
      "license": "ISC",
      "dependencies": {
        "undici": "^6.11.1"
      }
    },
    "node_modules/undici": {
      "version": "6.11.1",
      "resolved": "https://registry.npmjs.org/undici/-/undici-6.11.1.tgz",
      "integrity": "sha512-KyhzaLJnV1qa3BSHdj4AZ2ndqI0QWPxYzaIOio0WzcEJB9gvuysprJSLtpvc2D9mhR9jPDUk7xlJlZbH2KR5iw==",
      "engines": {
        "node": ">=18.0"
      }
    }
  }
}
